// !$*UTF8*$!
{
	archiveVersion = 1;
	classes = {
	};
	objectVersion = 48;
	objects = {

/* Begin PBXBuildFile section */
		2F0AFD932020E5B100DEC226 /* CubicBezierCurves.m in Sources */ = {isa = PBXBuildFile; fileRef = 2F0AFD922020E5B100DEC226 /* CubicBezierCurves.m */; };
		E4DDF87B2015F3CA00AA97E3 /* Transformations.m in Sources */ = {isa = PBXBuildFile; fileRef = E4DDF87A2015F3CA00AA97E3 /* Transformations.m */; };
		E4E050F020108480001CD33D /* AppDelegate.m in Sources */ = {isa = PBXBuildFile; fileRef = E4E050EF20108480001CD33D /* AppDelegate.m */; };
		E4E050F320108480001CD33D /* ViewController.m in Sources */ = {isa = PBXBuildFile; fileRef = E4E050F220108480001CD33D /* ViewController.m */; };
		E4E050F520108480001CD33D /* Assets.xcassets in Resources */ = {isa = PBXBuildFile; fileRef = E4E050F420108480001CD33D /* Assets.xcassets */; };
		E4E050F820108480001CD33D /* Main.storyboard in Resources */ = {isa = PBXBuildFile; fileRef = E4E050F620108480001CD33D /* Main.storyboard */; };
		E4E050FB20108480001CD33D /* main.m in Sources */ = {isa = PBXBuildFile; fileRef = E4E050FA20108480001CD33D /* main.m */; };
		E4E0510620108481001CD33D /* Quartz2dTests.m in Sources */ = {isa = PBXBuildFile; fileRef = E4E0510520108481001CD33D /* Quartz2dTests.m */; };
		E4E0511220108B03001CD33D /* MaView.m in Sources */ = {isa = PBXBuildFile; fileRef = E4E0511120108B03001CD33D /* MaView.m */; };
/* End PBXBuildFile section */

/* Begin PBXContainerItemProxy section */
		E4E0510220108481001CD33D /* PBXContainerItemProxy */ = {
			isa = PBXContainerItemProxy;
			containerPortal = E4E050E32010847F001CD33D /* Project object */;
			proxyType = 1;
			remoteGlobalIDString = E4E050EA20108480001CD33D;
			remoteInfo = Quartz2d;
		};
/* End PBXContainerItemProxy section */

/* Begin PBXFileReference section */
		2F0AFD912020E5B100DEC226 /* CubicBezierCurves.h */ = {isa = PBXFileReference; lastKnownFileType = sourcecode.c.h; path = CubicBezierCurves.h; sourceTree = "<group>"; };
		2F0AFD922020E5B100DEC226 /* CubicBezierCurves.m */ = {isa = PBXFileReference; lastKnownFileType = sourcecode.c.objc; path = CubicBezierCurves.m; sourceTree = "<group>"; };
		E4DDF8792015F3C900AA97E3 /* Transformations.h */ = {isa = PBXFileReference; lastKnownFileType = sourcecode.c.h; path = Transformations.h; sourceTree = "<group>"; };
		E4DDF87A2015F3CA00AA97E3 /* Transformations.m */ = {isa = PBXFileReference; lastKnownFileType = sourcecode.c.objc; path = Transformations.m; sourceTree = "<group>"; };
		E4E050EB20108480001CD33D /* Quartz2d.app */ = {isa = PBXFileReference; explicitFileType = wrapper.application; includeInIndex = 0; path = Quartz2d.app; sourceTree = BUILT_PRODUCTS_DIR; };
		E4E050EE20108480001CD33D /* AppDelegate.h */ = {isa = PBXFileReference; lastKnownFileType = sourcecode.c.h; path = AppDelegate.h; sourceTree = "<group>"; };
		E4E050EF20108480001CD33D /* AppDelegate.m */ = {isa = PBXFileReference; lastKnownFileType = sourcecode.c.objc; path = AppDelegate.m; sourceTree = "<group>"; };
		E4E050F120108480001CD33D /* ViewController.h */ = {isa = PBXFileReference; lastKnownFileType = sourcecode.c.h; path = ViewController.h; sourceTree = "<group>"; };
		E4E050F220108480001CD33D /* ViewController.m */ = {isa = PBXFileReference; lastKnownFileType = sourcecode.c.objc; path = ViewController.m; sourceTree = "<group>"; };
		E4E050F420108480001CD33D /* Assets.xcassets */ = {isa = PBXFileReference; lastKnownFileType = folder.assetcatalog; path = Assets.xcassets; sourceTree = "<group>"; };
		E4E050F720108480001CD33D /* Base */ = {isa = PBXFileReference; lastKnownFileType = file.storyboard; name = Base; path = Base.lproj/Main.storyboard; sourceTree = "<group>"; };
		E4E050F920108480001CD33D /* Info.plist */ = {isa = PBXFileReference; lastKnownFileType = text.plist.xml; path = Info.plist; sourceTree = "<group>"; };
		E4E050FA20108480001CD33D /* main.m */ = {isa = PBXFileReference; lastKnownFileType = sourcecode.c.objc; path = main.m; sourceTree = "<group>"; };
		E4E050FC20108480001CD33D /* Quartz2d.entitlements */ = {isa = PBXFileReference; lastKnownFileType = text.plist.entitlements; path = Quartz2d.entitlements; sourceTree = "<group>"; };
		E4E0510120108481001CD33D /* Quartz2dTests.xctest */ = {isa = PBXFileReference; explicitFileType = wrapper.cfbundle; includeInIndex = 0; path = Quartz2dTests.xctest; sourceTree = BUILT_PRODUCTS_DIR; };
		E4E0510520108481001CD33D /* Quartz2dTests.m */ = {isa = PBXFileReference; lastKnownFileType = sourcecode.c.objc; path = Quartz2dTests.m; sourceTree = "<group>"; };
		E4E0510720108481001CD33D /* Info.plist */ = {isa = PBXFileReference; lastKnownFileType = text.plist.xml; path = Info.plist; sourceTree = "<group>"; };
		E4E0511020108B03001CD33D /* MaView.h */ = {isa = PBXFileReference; lastKnownFileType = sourcecode.c.h; path = MaView.h; sourceTree = "<group>"; };
		E4E0511120108B03001CD33D /* MaView.m */ = {isa = PBXFileReference; lastKnownFileType = sourcecode.c.objc; path = MaView.m; sourceTree = "<group>"; };
/* End PBXFileReference section */

/* Begin PBXFrameworksBuildPhase section */
		E4E050E820108480001CD33D /* Frameworks */ = {
			isa = PBXFrameworksBuildPhase;
			buildActionMask = 2147483647;
			files = (
			);
			runOnlyForDeploymentPostprocessing = 0;
		};
		E4E050FE20108481001CD33D /* Frameworks */ = {
			isa = PBXFrameworksBuildPhase;
			buildActionMask = 2147483647;
			files = (
			);
			runOnlyForDeploymentPostprocessing = 0;
		};
/* End PBXFrameworksBuildPhase section */

/* Begin PBXGroup section */
		E4E050E22010847F001CD33D = {
			isa = PBXGroup;
			children = (
				E4E050ED20108480001CD33D /* Quartz2d */,
				E4E0510420108481001CD33D /* Quartz2dTests */,
				E4E050EC20108480001CD33D /* Products */,
			);
			sourceTree = "<group>";
		};
		E4E050EC20108480001CD33D /* Products */ = {
			isa = PBXGroup;
			children = (
				E4E050EB20108480001CD33D /* Quartz2d.app */,
				E4E0510120108481001CD33D /* Quartz2dTests.xctest */,
			);
			name = Products;
			sourceTree = "<group>";
		};
		E4E050ED20108480001CD33D /* Quartz2d */ = {
			isa = PBXGroup;
			children = (
				E4E050EE20108480001CD33D /* AppDelegate.h */,
				E4E050EF20108480001CD33D /* AppDelegate.m */,
				E4E050F120108480001CD33D /* ViewController.h */,
				E4E050F220108480001CD33D /* ViewController.m */,
				E4E050F420108480001CD33D /* Assets.xcassets */,
				E4E050F620108480001CD33D /* Main.storyboard */,
				E4E050F920108480001CD33D /* Info.plist */,
				E4E050FA20108480001CD33D /* main.m */,
				E4E050FC20108480001CD33D /* Quartz2d.entitlements */,
				E4E0511020108B03001CD33D /* MaView.h */,
				E4E0511120108B03001CD33D /* MaView.m */,
				E4DDF8792015F3C900AA97E3 /* Transformations.h */,
				E4DDF87A2015F3CA00AA97E3 /* Transformations.m */,
				2F0AFD912020E5B100DEC226 /* CubicBezierCurves.h */,
				2F0AFD922020E5B100DEC226 /* CubicBezierCurves.m */,
			);
			path = Quartz2d;
			sourceTree = "<group>";
		};
		E4E0510420108481001CD33D /* Quartz2dTests */ = {
			isa = PBXGroup;
			children = (
				E4E0510520108481001CD33D /* Quartz2dTests.m */,
				E4E0510720108481001CD33D /* Info.plist */,
			);
			path = Quartz2dTests;
			sourceTree = "<group>";
		};
/* End PBXGroup section */

/* Begin PBXNativeTarget section */
		E4E050EA20108480001CD33D /* Quartz2d */ = {
			isa = PBXNativeTarget;
			buildConfigurationList = E4E0510A20108481001CD33D /* Build configuration list for PBXNativeTarget "Quartz2d" */;
			buildPhases = (
				E4E050E720108480001CD33D /* Sources */,
				E4E050E820108480001CD33D /* Frameworks */,
				E4E050E920108480001CD33D /* Resources */,
			);
			buildRules = (
			);
			dependencies = (
			);
			name = Quartz2d;
			productName = Quartz2d;
			productReference = E4E050EB20108480001CD33D /* Quartz2d.app */;
			productType = "com.apple.product-type.application";
		};
		E4E0510020108481001CD33D /* Quartz2dTests */ = {
			isa = PBXNativeTarget;
			buildConfigurationList = E4E0510D20108481001CD33D /* Build configuration list for PBXNativeTarget "Quartz2dTests" */;
			buildPhases = (
				E4E050FD20108481001CD33D /* Sources */,
				E4E050FE20108481001CD33D /* Frameworks */,
				E4E050FF20108481001CD33D /* Resources */,
			);
			buildRules = (
			);
			dependencies = (
				E4E0510320108481001CD33D /* PBXTargetDependency */,
			);
			name = Quartz2dTests;
			productName = Quartz2dTests;
			productReference = E4E0510120108481001CD33D /* Quartz2dTests.xctest */;
			productType = "com.apple.product-type.bundle.unit-test";
		};
/* End PBXNativeTarget section */

/* Begin PBXProject section */
		E4E050E32010847F001CD33D /* Project object */ = {
			isa = PBXProject;
			attributes = {
				LastUpgradeCheck = 0920;
				ORGANIZATIONNAME = "Hassan Ahmed";
				TargetAttributes = {
					E4E050EA20108480001CD33D = {
						CreatedOnToolsVersion = 9.2;
						ProvisioningStyle = Automatic;
					};
					E4E0510020108481001CD33D = {
						CreatedOnToolsVersion = 9.2;
						ProvisioningStyle = Automatic;
						TestTargetID = E4E050EA20108480001CD33D;
					};
				};
			};
			buildConfigurationList = E4E050E62010847F001CD33D /* Build configuration list for PBXProject "Quartz2d" */;
			compatibilityVersion = "Xcode 8.0";
			developmentRegion = en;
			hasScannedForEncodings = 0;
			knownRegions = (
				en,
				Base,
			);
			mainGroup = E4E050E22010847F001CD33D;
			productRefGroup = E4E050EC20108480001CD33D /* Products */;
			projectDirPath = "";
			projectRoot = "";
			targets = (
				E4E050EA20108480001CD33D /* Quartz2d */,
				E4E0510020108481001CD33D /* Quartz2dTests */,
			);
		};
/* End PBXProject section */

/* Begin PBXResourcesBuildPhase section */
		E4E050E920108480001CD33D /* Resources */ = {
			isa = PBXResourcesBuildPhase;
			buildActionMask = 2147483647;
			files = (
				E4E050F520108480001CD33D /* Assets.xcassets in Resources */,
				E4E050F820108480001CD33D /* Main.storyboard in Resources */,
			);
			runOnlyForDeploymentPostprocessing = 0;
		};
		E4E050FF20108481001CD33D /* Resources */ = {
			isa = PBXResourcesBuildPhase;
			buildActionMask = 2147483647;
			files = (
			);
			runOnlyForDeploymentPostprocessing = 0;
		};
/* End PBXResourcesBuildPhase section */

/* Begin PBXSourcesBuildPhase section */
		E4E050E720108480001CD33D /* Sources */ = {
			isa = PBXSourcesBuildPhase;
			buildActionMask = 2147483647;
			files = (
				E4DDF87B2015F3CA00AA97E3 /* Transformations.m in Sources */,
				E4E0511220108B03001CD33D /* MaView.m in Sources */,
				E4E050F320108480001CD33D /* ViewController.m in Sources */,
				2F0AFD932020E5B100DEC226 /* CubicBezierCurves.m in Sources */,
				E4E050FB20108480001CD33D /* main.m in Sources */,
				E4E050F020108480001CD33D /* AppDelegate.m in Sources */,
			);
			runOnlyForDeploymentPostprocessing = 0;
		};
		E4E050FD20108481001CD33D /* Sources */ = {
			isa = PBXSourcesBuildPhase;
			buildActionMask = 2147483647;
			files = (
				E4E0510620108481001CD33D /* Quartz2dTests.m in Sources */,
			);
			runOnlyForDeploymentPostprocessing = 0;
		};
/* End PBXSourcesBuildPhase section */

/* Begin PBXTargetDependency section */
		E4E0510320108481001CD33D /* PBXTargetDependency */ = {
			isa = PBXTargetDependency;
			target = E4E050EA20108480001CD33D /* Quartz2d */;
			targetProxy = E4E0510220108481001CD33D /* PBXContainerItemProxy */;
		};
/* End PBXTargetDependency section */

/* Begin PBXVariantGroup section */
		E4E050F620108480001CD33D /* Main.storyboard */ = {
			isa = PBXVariantGroup;
			children = (
				E4E050F720108480001CD33D /* Base */,
			);
			name = Main.storyboard;
			sourceTree = "<group>";
		};
/* End PBXVariantGroup section */

/* Begin XCBuildConfiguration section */
		E4E0510820108481001CD33D /* Debug */ = {
			isa = XCBuildConfiguration;
			buildSettings = {
				ALWAYS_SEARCH_USER_PATHS = NO;
				CLANG_ANALYZER_NONNULL = YES;
				CLANG_ANALYZER_NUMBER_OBJECT_CONVERSION = YES_AGGRESSIVE;
				CLANG_CXX_LANGUAGE_STANDARD = "gnu++14";
				CLANG_CXX_LIBRARY = "libc++";
				CLANG_ENABLE_MODULES = YES;
				CLANG_ENABLE_OBJC_ARC = YES;
				CLANG_WARN_BLOCK_CAPTURE_AUTORELEASING = YES;
				CLANG_WARN_BOOL_CONVERSION = YES;
				CLANG_WARN_COMMA = YES;
				CLANG_WARN_CONSTANT_CONVERSION = YES;
				CLANG_WARN_DIRECT_OBJC_ISA_USAGE = YES_ERROR;
				CLANG_WARN_DOCUMENTATION_COMMENTS = YES;
				CLANG_WARN_EMPTY_BODY = YES;
				CLANG_WARN_ENUM_CONVERSION = YES;
				CLANG_WARN_INFINITE_RECURSION = YES;
				CLANG_WARN_INT_CONVERSION = YES;
				CLANG_WARN_NON_LITERAL_NULL_CONVERSION = YES;
				CLANG_WARN_OBJC_LITERAL_CONVERSION = YES;
				CLANG_WARN_OBJC_ROOT_CLASS = YES_ERROR;
				CLANG_WARN_RANGE_LOOP_ANALYSIS = YES;
				CLANG_WARN_STRICT_PROTOTYPES = YES;
				CLANG_WARN_SUSPICIOUS_MOVE = YES;
				CLANG_WARN_UNGUARDED_AVAILABILITY = YES_AGGRESSIVE;
				CLANG_WARN_UNREACHABLE_CODE = YES;
				CLANG_WARN__DUPLICATE_METHOD_MATCH = YES;
				CODE_SIGN_IDENTITY = "Mac Developer";
				COPY_PHASE_STRIP = NO;
				DEBUG_INFORMATION_FORMAT = dwarf;
				ENABLE_STRICT_OBJC_MSGSEND = YES;
				ENABLE_TESTABILITY = YES;
				GCC_C_LANGUAGE_STANDARD = gnu11;
				GCC_DYNAMIC_NO_PIC = NO;
				GCC_NO_COMMON_BLOCKS = YES;
				GCC_OPTIMIZATION_LEVEL = 0;
				GCC_PREPROCESSOR_DEFINITIONS = (
					"DEBUG=1",
					"$(inherited)",
				);
				GCC_WARN_64_TO_32_BIT_CONVERSION = YES;
				GCC_WARN_ABOUT_RETURN_TYPE = YES_ERROR;
				GCC_WARN_UNDECLARED_SELECTOR = YES;
				GCC_WARN_UNINITIALIZED_AUTOS = YES_AGGRESSIVE;
				GCC_WARN_UNUSED_FUNCTION = YES;
				GCC_WARN_UNUSED_VARIABLE = YES;
				MACOSX_DEPLOYMENT_TARGET = 10.12;
				MTL_ENABLE_DEBUG_INFO = YES;
				ONLY_ACTIVE_ARCH = YES;
				SDKROOT = macosx;
			};
			name = Debug;
		};
		E4E0510920108481001CD33D /* Release */ = {
			isa = XCBuildConfiguration;
			buildSettings = {
				ALWAYS_SEARCH_USER_PATHS = NO;
				CLANG_ANALYZER_NONNULL = YES;
				CLANG_ANALYZER_NUMBER_OBJECT_CONVERSION = YES_AGGRESSIVE;
				CLANG_CXX_LANGUAGE_STANDARD = "gnu++14";
				CLANG_CXX_LIBRARY = "libc++";
				CLANG_ENABLE_MODULES = YES;
				CLANG_ENABLE_OBJC_ARC = YES;
				CLANG_WARN_BLOCK_CAPTURE_AUTORELEASING = YES;
				CLANG_WARN_BOOL_CONVERSION = YES;
				CLANG_WARN_COMMA = YES;
				CLANG_WARN_CONSTANT_CONVERSION = YES;
				CLANG_WARN_DIRECT_OBJC_ISA_USAGE = YES_ERROR;
				CLANG_WARN_DOCUMENTATION_COMMENTS = YES;
				CLANG_WARN_EMPTY_BODY = YES;
				CLANG_WARN_ENUM_CONVERSION = YES;
				CLANG_WARN_INFINITE_RECURSION = YES;
				CLANG_WARN_INT_CONVERSION = YES;
				CLANG_WARN_NON_LITERAL_NULL_CONVERSION = YES;
				CLANG_WARN_OBJC_LITERAL_CONVERSION = YES;
				CLANG_WARN_OBJC_ROOT_CLASS = YES_ERROR;
				CLANG_WARN_RANGE_LOOP_ANALYSIS = YES;
				CLANG_WARN_STRICT_PROTOTYPES = YES;
				CLANG_WARN_SUSPICIOUS_MOVE = YES;
				CLANG_WARN_UNGUARDED_AVAILABILITY = YES_AGGRESSIVE;
				CLANG_WARN_UNREACHABLE_CODE = YES;
				CLANG_WARN__DUPLICATE_METHOD_MATCH = YES;
				CODE_SIGN_IDENTITY = "Mac Developer";
				COPY_PHASE_STRIP = NO;
				DEBUG_INFORMATION_FORMAT = "dwarf-with-dsym";
				ENABLE_NS_ASSERTIONS = NO;
				ENABLE_STRICT_OBJC_MSGSEND = YES;
				GCC_C_LANGUAGE_STANDARD = gnu11;
				GCC_NO_COMMON_BLOCKS = YES;
				GCC_WARN_64_TO_32_BIT_CONVERSION = YES;
				GCC_WARN_ABOUT_RETURN_TYPE = YES_ERROR;
				GCC_WARN_UNDECLARED_SELECTOR = YES;
				GCC_WARN_UNINITIALIZED_AUTOS = YES_AGGRESSIVE;
				GCC_WARN_UNUSED_FUNCTION = YES;
				GCC_WARN_UNUSED_VARIABLE = YES;
				MACOSX_DEPLOYMENT_TARGET = 10.12;
				MTL_ENABLE_DEBUG_INFO = NO;
				SDKROOT = macosx;
			};
			name = Release;
		};
		E4E0510B20108481001CD33D /* Debug */ = {
			isa = XCBuildConfiguration;
			buildSettings = {
				ASSETCATALOG_COMPILER_APPICON_NAME = AppIcon;
				CODE_SIGN_ENTITLEMENTS = Quartz2d/Quartz2d.entitlements;
				CODE_SIGN_STYLE = Automatic;
				COMBINE_HIDPI_IMAGES = YES;
				DEVELOPMENT_TEAM = Q6H55AY6YP;
				INFOPLIST_FILE = Quartz2d/Info.plist;
				LD_RUNPATH_SEARCH_PATHS = "$(inherited) @executable_path/../Frameworks";
				PRODUCT_BUNDLE_IDENTIFIER = com.ihak.ios.Quartz2d;
				PRODUCT_NAME = "$(TARGET_NAME)";
			};
			name = Debug;
		};
		E4E0510C20108481001CD33D /* Release */ = {
			isa = XCBuildConfiguration;
			buildSettings = {
				ASSETCATALOG_COMPILER_APPICON_NAME = AppIcon;
				CODE_SIGN_ENTITLEMENTS = Quartz2d/Quartz2d.entitlements;
				CODE_SIGN_STYLE = Automatic;
				COMBINE_HIDPI_IMAGES = YES;
				DEVELOPMENT_TEAM = Q6H55AY6YP;
				INFOPLIST_FILE = Quartz2d/Info.plist;
				LD_RUNPATH_SEARCH_PATHS = "$(inherited) @executable_path/../Frameworks";
				PRODUCT_BUNDLE_IDENTIFIER = com.ihak.ios.Quartz2d;
				PRODUCT_NAME = "$(TARGET_NAME)";
			};
			name = Release;
		};
		E4E0510E20108481001CD33D /* Debug */ = {
			isa = XCBuildConfiguration;
			buildSettings = {
				BUNDLE_LOADER = "$(TEST_HOST)";
				CODE_SIGN_STYLE = Automatic;
				COMBINE_HIDPI_IMAGES = YES;
				DEVELOPMENT_TEAM = Q6H55AY6YP;
				INFOPLIST_FILE = Quartz2dTests/Info.plist;
				LD_RUNPATH_SEARCH_PATHS = "$(inherited) @executable_path/../Frameworks @loader_path/../Frameworks";
				PRODUCT_BUNDLE_IDENTIFIER = com.ihak.ios.Quartz2dTests;
				PRODUCT_NAME = "$(TARGET_NAME)";
				TEST_HOST = "$(BUILT_PRODUCTS_DIR)/Quartz2d.app/Contents/MacOS/Quartz2d";
			};
			name = Debug;
		};
		E4E0510F20108481001CD33D /* Release */ = {
			isa = XCBuildConfiguration;
			buildSettings = {
				BUNDLE_LOADER = "$(TEST_HOST)";
				CODE_SIGN_STYLE = Automatic;
				COMBINE_HIDPI_IMAGES = YES;
				DEVELOPMENT_TEAM = Q6H55AY6YP;
				INFOPLIST_FILE = Quartz2dTests/Info.plist;
				LD_RUNPATH_SEARCH_PATHS = "$(inherited) @executable_path/../Frameworks @loader_path/../Frameworks";
				PRODUCT_BUNDLE_IDENTIFIER = com.ihak.ios.Quartz2dTests;
				PRODUCT_NAME = "$(TARGET_NAME)";
				TEST_HOST = "$(BUILT_PRODUCTS_DIR)/Quartz2d.app/Contents/MacOS/Quartz2d";
			};
			name = Release;
		};
/* End XCBuildConfiguration section */

/* Begin XCConfigurationList section */
		E4E050E62010847F001CD33D /* Build configuration list for PBXProject "Quartz2d" */ = {
			isa = XCConfigurationList;
			buildConfigurations = (
				E4E0510820108481001CD33D /* Debug */,
				E4E0510920108481001CD33D /* Release */,
			);
			defaultConfigurationIsVisible = 0;
			defaultConfigurationName = Release;
		};
		E4E0510A20108481001CD33D /* Build configuration list for PBXNativeTarget "Quartz2d" */ = {
			isa = XCConfigurationList;
			buildConfigurations = (
				E4E0510B20108481001CD33D /* Debug */,
				E4E0510C20108481001CD33D /* Release */,
			);
			defaultConfigurationIsVisible = 0;
			defaultConfigurationName = Release;
		};
		E4E0510D20108481001CD33D /* Build configuration list for PBXNativeTarget "Quartz2dTests" */ = {
			isa = XCConfigurationList;
			buildConfigurations = (
				E4E0510E20108481001CD33D /* Debug */,
				E4E0510F20108481001CD33D /* Release */,
			);
			defaultConfigurationIsVisible = 0;
			defaultConfigurationName = Release;
		};
/* End XCConfigurationList section */
	};
	rootObject = E4E050E32010847F001CD33D /* Project object */;
}
